{
    "version": 3,
    "terraform_version": "0.10.3",
    "serial": 12,
    "lineage": "175597fd-1268-4e15-be77-1a107ba4e739",
    "modules": [
        {
            "path": [
                "root"
            ],
            "outputs": {},
            "resources": {
                "aws_instance.MQB_Server": {
                    "type": "aws_instance",
                    "depends_on": [
                        "aws_subnet.mqb_subnet"
                    ],
                    "primary": {
                        "id": "i-04c5ed4ae052a2232",
                        "attributes": {
                            "ami": "ami-c998b6b2",
                            "associate_public_ip_address": "true",
                            "availability_zone": "us-east-1d",
                            "disable_api_termination": "false",
                            "ebs_block_device.#": "0",
                            "ebs_optimized": "false",
                            "ephemeral_block_device.#": "0",
                            "iam_instance_profile": "",
                            "id": "i-04c5ed4ae052a2232",
                            "instance_state": "running",
                            "instance_type": "t2.micro",
                            "ipv6_addresses.#": "0",
                            "key_name": "USVirginia",
                            "monitoring": "false",
                            "network_interface.#": "0",
                            "network_interface_id": "eni-f84665ef",
                            "primary_network_interface_id": "eni-f84665ef",
                            "private_dns": "ip-10-0-31-55.ec2.internal",
                            "private_ip": "10.0.31.55",
                            "public_dns": "",
                            "public_ip": "34.200.235.35",
                            "root_block_device.#": "1",
                            "root_block_device.0.delete_on_termination": "true",
                            "root_block_device.0.iops": "100",
                            "root_block_device.0.volume_size": "10",
                            "root_block_device.0.volume_type": "gp2",
                            "security_groups.#": "0",
                            "source_dest_check": "true",
                            "subnet_id": "subnet-52ca1036",
                            "tags.%": "0",
                            "tenancy": "default",
                            "volume_tags.%": "0",
                            "vpc_security_group_ids.#": "1",
                            "vpc_security_group_ids.2461949797": "sg-6163a812"
                        },
                        "meta": {
                            "e2bfb730-ecaa-11e6-8f88-34363bc7c4c0": {
                                "create": 600000000000,
                                "delete": 600000000000,
                                "update": 600000000000
                            },
                            "schema_version": "1"
                        },
                        "tainted": false
                    },
                    "deposed": [],
                    "provider": ""
                },
                "aws_internet_gateway.mqb_internet_gateway": {
                    "type": "aws_internet_gateway",
                    "depends_on": [
                        "aws_vpc.mqb_vpc"
                    ],
                    "primary": {
                        "id": "igw-deef03a7",
                        "attributes": {
                            "id": "igw-deef03a7",
                            "tags.%": "1",
                            "tags.name": "mqb_internet",
                            "vpc_id": "vpc-721f150b"
                        },
                        "meta": {},
                        "tainted": false
                    },
                    "deposed": [],
                    "provider": ""
                },
                "aws_security_group.MQB_Dev_group": {
                    "type": "aws_security_group",
                    "depends_on": [
                        "aws_vpc.mqb_vpc"
                    ],
                    "primary": {
                        "id": "sg-0963a87a",
                        "attributes": {
                            "description": "Managed by Terraform",
                            "egress.#": "0",
                            "id": "sg-0963a87a",
                            "ingress.#": "0",
                            "name": "MQB_TEST",
                            "owner_id": "732687661419",
                            "tags.%": "0",
                            "vpc_id": "vpc-721f150b"
                        },
                        "meta": {},
                        "tainted": false
                    },
                    "deposed": [],
                    "provider": ""
                },
                "aws_security_group_rule.MQB_Sec_Group_1": {
                    "type": "aws_security_group_rule",
                    "depends_on": [
                        "aws_security_group.MQB_Dev_group"
                    ],
                    "primary": {
                        "id": "sgrule-250611436",
                        "attributes": {
                            "cidr_blocks.#": "1",
                            "cidr_blocks.0": "0.0.0.0/0",
                            "from_port": "22",
                            "id": "sgrule-250611436",
                            "protocol": "tcp",
                            "security_group_id": "sg-0963a87a",
                            "self": "false",
                            "to_port": "22",
                            "type": "ingress"
                        },
                        "meta": {
                            "schema_version": "2"
                        },
                        "tainted": false
                    },
                    "deposed": [],
                    "provider": ""
                },
                "aws_security_group_rule.MQB_Sec_Group_2": {
                    "type": "aws_security_group_rule",
                    "depends_on": [
                        "aws_security_group.MQB_Dev_group"
                    ],
                    "primary": {
                        "id": "sgrule-2880684090",
                        "attributes": {
                            "cidr_blocks.#": "1",
                            "cidr_blocks.0": "0.0.0.0/0",
                            "from_port": "0",
                            "id": "sgrule-2880684090",
                            "protocol": "-1",
                            "security_group_id": "sg-0963a87a",
                            "self": "false",
                            "to_port": "0",
                            "type": "egress"
                        },
                        "meta": {
                            "schema_version": "2"
                        },
                        "tainted": false
                    },
                    "deposed": [],
                    "provider": ""
                },
                "aws_subnet.mqb_subnet": {
                    "type": "aws_subnet",
                    "depends_on": [
                        "aws_vpc.mqb_vpc"
                    ],
                    "primary": {
                        "id": "subnet-52ca1036",
                        "attributes": {
                            "assign_ipv6_address_on_creation": "false",
                            "availability_zone": "us-east-1d",
                            "cidr_block": "10.0.0.0/16",
                            "id": "subnet-52ca1036",
                            "map_public_ip_on_launch": "true",
                            "tags.%": "1",
                            "tags.name": "mqb_subnet",
                            "vpc_id": "vpc-721f150b"
                        },
                        "meta": {
                            "schema_version": "1"
                        },
                        "tainted": false
                    },
                    "deposed": [],
                    "provider": ""
                },
                "aws_vpc.mqb_vpc": {
                    "type": "aws_vpc",
                    "depends_on": [],
                    "primary": {
                        "id": "vpc-721f150b",
                        "attributes": {
                            "assign_generated_ipv6_cidr_block": "false",
                            "cidr_block": "10.0.0.0/16",
                            "default_network_acl_id": "acl-b1bc3ac9",
                            "default_route_table_id": "rtb-13763268",
                            "default_security_group_id": "sg-6163a812",
                            "dhcp_options_id": "dopt-0f988568",
                            "enable_classiclink": "false",
                            "enable_classiclink_dns_support": "false",
                            "enable_dns_hostnames": "false",
                            "enable_dns_support": "true",
                            "id": "vpc-721f150b",
                            "instance_tenancy": "default",
                            "main_route_table_id": "rtb-13763268",
                            "tags.%": "1",
                            "tags.name": "mqb_vpc"
                        },
                        "meta": {
                            "schema_version": "1"
                        },
                        "tainted": false
                    },
                    "deposed": [],
                    "provider": ""
                }
            },
            "depends_on": []
        }
    ]
}
